
Microsoft Visual Studio Solution File, Format Version 12.00
# Visual Studio Version 17
VisualStudioVersion = 17.8.34330.188
MinimumVisualStudioVersion = 10.0.40219.1
Project("{2150E333-8FDC-42A3-9474-1A3956D46DE8}") = "src", "src", "{B9AEF345-7899-4262-82EE-261A629ADA4B}"
EndProject
Project("{9A19103F-16F7-4668-BE54-9A1E7A4F7556}") = "Domain", "src\Domain\Domain.csproj", "{0F376081-0DB4-4316-AC5A-4CFCD94AD877}"
EndProject
Project("{2150E333-8FDC-42A3-9474-1A3956D46DE8}") = "tests", "tests", "{54580F81-ADEA-4521-9EEC-1937033E6108}"
EndProject
Project("{9A19103F-16F7-4668-BE54-9A1E7A4F7556}") = "Domain.UnitTests", "tests\Domain.UnitTests\Domain.UnitTests.csproj", "{A694522C-6D07-4235-BFC1-AF120A4057BA}"
EndProject
Project("{9A19103F-16F7-4668-BE54-9A1E7A4F7556}") = "Application", "src\Application\Application.csproj", "{8911864F-04C0-4861-A8C9-E230A8F0ACEB}"
EndProject
Project("{9A19103F-16F7-4668-BE54-9A1E7A4F7556}") = "Application.UnitTests", "tests\Application.UnitTests\Application.UnitTests.csproj", "{D45734B8-1217-4FD7-BDBD-1491CE84BB93}"
EndProject
Project("{9A19103F-16F7-4668-BE54-9A1E7A4F7556}") = "Infrastructure", "src\Infrastructure\Infrastructure.csproj", "{ADA00A48-5A01-4C0D-AF6A-1290C32DDBF9}"
EndProject
Project("{9A19103F-16F7-4668-BE54-9A1E7A4F7556}") = "Infrastructure.IntegrationTests", "tests\Infrastructure.IntegrationTests\Infrastructure.IntegrationTests.csproj", "{DA396EE9-57C4-4680-AC04-578E0B5F28C3}"
EndProject
Project("{FAE04EC0-301F-11D3-BF4B-00C04F79EFBC}") = "Presentation", "src\Presentation\Presentation.csproj", "{4BAE4DA3-BE68-44A8-A8BE-CD884F566E4A}"
EndProject
Global
	GlobalSection(SolutionConfigurationPlatforms) = preSolution
		Debug|Any CPU = Debug|Any CPU
		Release|Any CPU = Release|Any CPU
	EndGlobalSection
	GlobalSection(ProjectConfigurationPlatforms) = postSolution
		{0F376081-0DB4-4316-AC5A-4CFCD94AD877}.Debug|Any CPU.ActiveCfg = Debug|Any CPU
		{0F376081-0DB4-4316-AC5A-4CFCD94AD877}.Debug|Any CPU.Build.0 = Debug|Any CPU
		{0F376081-0DB4-4316-AC5A-4CFCD94AD877}.Release|Any CPU.ActiveCfg = Release|Any CPU
		{0F376081-0DB4-4316-AC5A-4CFCD94AD877}.Release|Any CPU.Build.0 = Release|Any CPU
		{A694522C-6D07-4235-BFC1-AF120A4057BA}.Debug|Any CPU.ActiveCfg = Debug|Any CPU
		{A694522C-6D07-4235-BFC1-AF120A4057BA}.Debug|Any CPU.Build.0 = Debug|Any CPU
		{A694522C-6D07-4235-BFC1-AF120A4057BA}.Release|Any CPU.ActiveCfg = Release|Any CPU
		{A694522C-6D07-4235-BFC1-AF120A4057BA}.Release|Any CPU.Build.0 = Release|Any CPU
		{8911864F-04C0-4861-A8C9-E230A8F0ACEB}.Debug|Any CPU.ActiveCfg = Debug|Any CPU
		{8911864F-04C0-4861-A8C9-E230A8F0ACEB}.Debug|Any CPU.Build.0 = Debug|Any CPU
		{8911864F-04C0-4861-A8C9-E230A8F0ACEB}.Release|Any CPU.ActiveCfg = Release|Any CPU
		{8911864F-04C0-4861-A8C9-E230A8F0ACEB}.Release|Any CPU.Build.0 = Release|Any CPU
		{D45734B8-1217-4FD7-BDBD-1491CE84BB93}.Debug|Any CPU.ActiveCfg = Debug|Any CPU
		{D45734B8-1217-4FD7-BDBD-1491CE84BB93}.Debug|Any CPU.Build.0 = Debug|Any CPU
		{D45734B8-1217-4FD7-BDBD-1491CE84BB93}.Release|Any CPU.ActiveCfg = Release|Any CPU
		{D45734B8-1217-4FD7-BDBD-1491CE84BB93}.Release|Any CPU.Build.0 = Release|Any CPU
		{ADA00A48-5A01-4C0D-AF6A-1290C32DDBF9}.Debug|Any CPU.ActiveCfg = Debug|Any CPU
		{ADA00A48-5A01-4C0D-AF6A-1290C32DDBF9}.Debug|Any CPU.Build.0 = Debug|Any CPU
		{ADA00A48-5A01-4C0D-AF6A-1290C32DDBF9}.Release|Any CPU.ActiveCfg = Release|Any CPU
		{ADA00A48-5A01-4C0D-AF6A-1290C32DDBF9}.Release|Any CPU.Build.0 = Release|Any CPU
		{DA396EE9-57C4-4680-AC04-578E0B5F28C3}.Debug|Any CPU.ActiveCfg = Debug|Any CPU
		{DA396EE9-57C4-4680-AC04-578E0B5F28C3}.Debug|Any CPU.Build.0 = Debug|Any CPU
		{DA396EE9-57C4-4680-AC04-578E0B5F28C3}.Release|Any CPU.ActiveCfg = Release|Any CPU
		{DA396EE9-57C4-4680-AC04-578E0B5F28C3}.Release|Any CPU.Build.0 = Release|Any CPU
		{4BAE4DA3-BE68-44A8-A8BE-CD884F566E4A}.Debug|Any CPU.ActiveCfg = Debug|Any CPU
		{4BAE4DA3-BE68-44A8-A8BE-CD884F566E4A}.Debug|Any CPU.Build.0 = Debug|Any CPU
		{4BAE4DA3-BE68-44A8-A8BE-CD884F566E4A}.Release|Any CPU.ActiveCfg = Release|Any CPU
		{4BAE4DA3-BE68-44A8-A8BE-CD884F566E4A}.Release|Any CPU.Build.0 = Release|Any CPU
	EndGlobalSection
	GlobalSection(SolutionProperties) = preSolution
		HideSolutionNode = FALSE
	EndGlobalSection
	GlobalSection(NestedProjects) = preSolution
		{0F376081-0DB4-4316-AC5A-4CFCD94AD877} = {B9AEF345-7899-4262-82EE-261A629ADA4B}
		{A694522C-6D07-4235-BFC1-AF120A4057BA} = {54580F81-ADEA-4521-9EEC-1937033E6108}
		{8911864F-04C0-4861-A8C9-E230A8F0ACEB} = {B9AEF345-7899-4262-82EE-261A629ADA4B}
		{D45734B8-1217-4FD7-BDBD-1491CE84BB93} = {54580F81-ADEA-4521-9EEC-1937033E6108}
		{ADA00A48-5A01-4C0D-AF6A-1290C32DDBF9} = {B9AEF345-7899-4262-82EE-261A629ADA4B}
		{DA396EE9-57C4-4680-AC04-578E0B5F28C3} = {54580F81-ADEA-4521-9EEC-1937033E6108}
		{4BAE4DA3-BE68-44A8-A8BE-CD884F566E4A} = {B9AEF345-7899-4262-82EE-261A629ADA4B}
	EndGlobalSection
	GlobalSection(ExtensibilityGlobals) = postSolution
		SolutionGuid = {096D3E31-B56A-4F10-96EE-626A8E88CC44}
	EndGlobalSection
EndGlobal
